{
  "object": {
    "pins": [
      {
        "package": "Alamofire",
        "repositoryURL": "https://github.com/Alamofire/Alamofire.git",
        "state": {
          "branch": null,
          "revision": "9e0328127dfb801cefe8ac53a13c0c90a7770448",
          "version": "5.4.0"
        }
      },
      {
        "package": "HorizonCalendar",
        "repositoryURL": "https://github.com/airbnb/HorizonCalendar.git",
        "state": {
          "branch": null,
          "revision": "401eed67ed135a8d9d8d800b07df7c91a6c59f6c",
          "version": "1.6.0"
        }
      }
    ]
  },
  "version": 1
}
